
Microsoft Visual Studio Solution File, Format Version 12.00
# Visual Studio Version 17
VisualStudioVersion = 17.0.31903.59
MinimumVisualStudioVersion = 10.0.40219.1
Project("{FAE04EC0-301F-11D3-BF4B-00C04F79EFBC}") = "averages", "averages\averages.csproj", "{BF2A928E-FBF1-41DA-ACB3-CB575DBE5FCF}"
EndProject
Project("{FAE04EC0-301F-11D3-BF4B-00C04F79EFBC}") = "average.Tests", "average.Tests\average.Tests.csproj", "{B342EB24-267B-4C62-B950-D93AD1D6D404}"
EndProject
Global
	GlobalSection(SolutionConfigurationPlatforms) = preSolution
		Debug|Any CPU = Debug|Any CPU
		Release|Any CPU = Release|Any CPU
	EndGlobalSection
	GlobalSection(SolutionProperties) = preSolution
		HideSolutionNode = FALSE
	EndGlobalSection
	GlobalSection(ProjectConfigurationPlatforms) = postSolution
		{BF2A928E-FBF1-41DA-ACB3-CB575DBE5FCF}.Debug|Any CPU.ActiveCfg = Debug|Any CPU
		{BF2A928E-FBF1-41DA-ACB3-CB575DBE5FCF}.Debug|Any CPU.Build.0 = Debug|Any CPU
		{BF2A928E-FBF1-41DA-ACB3-CB575DBE5FCF}.Release|Any CPU.ActiveCfg = Release|Any CPU
		{BF2A928E-FBF1-41DA-ACB3-CB575DBE5FCF}.Release|Any CPU.Build.0 = Release|Any CPU
		{4D61C2E1-C1AC-4660-87DC-25D54A7BFD3D}.Debug|Any CPU.ActiveCfg = Debug|Any CPU
		{4D61C2E1-C1AC-4660-87DC-25D54A7BFD3D}.Debug|Any CPU.Build.0 = Debug|Any CPU
		{4D61C2E1-C1AC-4660-87DC-25D54A7BFD3D}.Release|Any CPU.ActiveCfg = Release|Any CPU
		{4D61C2E1-C1AC-4660-87DC-25D54A7BFD3D}.Release|Any CPU.Build.0 = Release|Any CPU
		{B342EB24-267B-4C62-B950-D93AD1D6D404}.Debug|Any CPU.ActiveCfg = Debug|Any CPU
		{B342EB24-267B-4C62-B950-D93AD1D6D404}.Debug|Any CPU.Build.0 = Debug|Any CPU
		{B342EB24-267B-4C62-B950-D93AD1D6D404}.Release|Any CPU.ActiveCfg = Release|Any CPU
		{B342EB24-267B-4C62-B950-D93AD1D6D404}.Release|Any CPU.Build.0 = Release|Any CPU
	EndGlobalSection
EndGlobal
