
Microsoft Visual Studio Solution File, Format Version 12.00
# Visual Studio 2013
VisualStudioVersion = 12.0.31101.0
MinimumVisualStudioVersion = 10.0.40219.1
Project("{FAE04EC0-301F-11D3-BF4B-00C04F79EFBC}") = "AspNetMVCEssential", "AspNetMVCEssential\AspNetMVCEssential.csproj", "{8736E00E-8EAB-4F78-BA5D-3A4D532EB600}"
EndProject
Project("{FAE04EC0-301F-11D3-BF4B-00C04F79EFBC}") = "AspNetMVCEssential.Tests", "AspNetMVCEssential.Tests\AspNetMVCEssential.Tests.csproj", "{6B0E5637-3863-44D6-A619-532A37E836B9}"
EndProject
Global
	GlobalSection(SolutionConfigurationPlatforms) = preSolution
		Debug|Any CPU = Debug|Any CPU
		Release|Any CPU = Release|Any CPU
	EndGlobalSection
	GlobalSection(ProjectConfigurationPlatforms) = postSolution
		{8736E00E-8EAB-4F78-BA5D-3A4D532EB600}.Debug|Any CPU.ActiveCfg = Debug|Any CPU
		{8736E00E-8EAB-4F78-BA5D-3A4D532EB600}.Debug|Any CPU.Build.0 = Debug|Any CPU
		{8736E00E-8EAB-4F78-BA5D-3A4D532EB600}.Release|Any CPU.ActiveCfg = Release|Any CPU
		{8736E00E-8EAB-4F78-BA5D-3A4D532EB600}.Release|Any CPU.Build.0 = Release|Any CPU
		{6B0E5637-3863-44D6-A619-532A37E836B9}.Debug|Any CPU.ActiveCfg = Debug|Any CPU
		{6B0E5637-3863-44D6-A619-532A37E836B9}.Debug|Any CPU.Build.0 = Debug|Any CPU
		{6B0E5637-3863-44D6-A619-532A37E836B9}.Release|Any CPU.ActiveCfg = Release|Any CPU
		{6B0E5637-3863-44D6-A619-532A37E836B9}.Release|Any CPU.Build.0 = Release|Any CPU
	EndGlobalSection
	GlobalSection(SolutionProperties) = preSolution
		HideSolutionNode = FALSE
	EndGlobalSection
EndGlobal
